
Microsoft Visual Studio Solution File, Format Version 12.00
# Visual Studio Version 16
VisualStudioVersion = 16.0.31424.327
MinimumVisualStudioVersion = 10.0.40219.1
Project("{FAE04EC0-301F-11D3-BF4B-00C04F79EFBC}") = "SwaggerTest", "SwaggerTest\SwaggerTest.csproj", "{A93EB064-367A-4791-9029-28FBDA22AE17}"
EndProject
Global
	GlobalSection(SolutionConfigurationPlatforms) = preSolution
		Debug|Any CPU = Debug|Any CPU
		Release|Any CPU = Release|Any CPU
	EndGlobalSection
	GlobalSection(ProjectConfigurationPlatforms) = postSolution
		{A93EB064-367A-4791-9029-28FBDA22AE17}.Debug|Any CPU.ActiveCfg = Debug|Any CPU
		{A93EB064-367A-4791-9029-28FBDA22AE17}.Debug|Any CPU.Build.0 = Debug|Any CPU
		{A93EB064-367A-4791-9029-28FBDA22AE17}.Release|Any CPU.ActiveCfg = Release|Any CPU
		{A93EB064-367A-4791-9029-28FBDA22AE17}.Release|Any CPU.Build.0 = Release|Any CPU
	EndGlobalSection
	GlobalSection(SolutionProperties) = preSolution
		HideSolutionNode = FALSE
	EndGlobalSection
	GlobalSection(ExtensibilityGlobals) = postSolution
		SolutionGuid = {C5E076BB-BF63-418F-A6BB-CB3A4D4DBBD7}
	EndGlobalSection
EndGlobal
